
Microsoft Visual Studio Solution File, Format Version 12.00
Project("{FAE04EC0-301F-11D3-BF4B-00C04F79EFBC}") = "ProductRest", "ProductRest\ProductRest.csproj", "{B40D99B7-7C68-465E-8EEB-B9AF6C97D2D2}"
EndProject
Project("{FAE04EC0-301F-11D3-BF4B-00C04F79EFBC}") = "Product.UnitTests", "Product.UnitTests\Product.UnitTests.csproj", "{29270435-48CA-4362-AA14-D09F29CF4939}"
EndProject
Global
	GlobalSection(SolutionConfigurationPlatforms) = preSolution
		Debug|Any CPU = Debug|Any CPU
		Release|Any CPU = Release|Any CPU
	EndGlobalSection
	GlobalSection(ProjectConfigurationPlatforms) = postSolution
		{B40D99B7-7C68-465E-8EEB-B9AF6C97D2D2}.Debug|Any CPU.ActiveCfg = Debug|Any CPU
		{B40D99B7-7C68-465E-8EEB-B9AF6C97D2D2}.Debug|Any CPU.Build.0 = Debug|Any CPU
		{B40D99B7-7C68-465E-8EEB-B9AF6C97D2D2}.Release|Any CPU.ActiveCfg = Release|Any CPU
		{B40D99B7-7C68-465E-8EEB-B9AF6C97D2D2}.Release|Any CPU.Build.0 = Release|Any CPU
		{29270435-48CA-4362-AA14-D09F29CF4939}.Debug|Any CPU.ActiveCfg = Debug|Any CPU
		{29270435-48CA-4362-AA14-D09F29CF4939}.Debug|Any CPU.Build.0 = Debug|Any CPU
		{29270435-48CA-4362-AA14-D09F29CF4939}.Release|Any CPU.ActiveCfg = Release|Any CPU
		{29270435-48CA-4362-AA14-D09F29CF4939}.Release|Any CPU.Build.0 = Release|Any CPU
	EndGlobalSection
EndGlobal
